
Microsoft Visual Studio Solution File, Format Version 12.00
# Visual Studio Version 16
VisualStudioVersion = 16.0.29609.76
MinimumVisualStudioVersion = 10.0.40219.1
Project("{9A19103F-16F7-4668-BE54-9A1E7A4F7556}") = "Api", "Api\Api.csproj", "{F08D2371-8783-4D76-A12A-B6BEC4A9D6D3}"
EndProject
Project("{9A19103F-16F7-4668-BE54-9A1E7A4F7556}") = "Domain", "Domain\Domain.csproj", "{D6935B09-6D1C-4008-B03D-DBA2312959EA}"
EndProject
Project("{9A19103F-16F7-4668-BE54-9A1E7A4F7556}") = "Infrastructure", "Infrastructure\Infrastructure.csproj", "{2D917357-C3CC-4CFD-8963-2D11E5D58203}"
EndProject
Project("{9A19103F-16F7-4668-BE54-9A1E7A4F7556}") = "Service", "Service\Service.csproj", "{9728F511-6C67-41CE-84EE-38E646C15E56}"
EndProject
Project("{FAE04EC0-301F-11D3-BF4B-00C04F79EFBC}") = "CreateDatabase", "CreateDatabase\CreateDatabase.csproj", "{22DABB2F-7D19-4F4D-BFFC-13FD0027A8CB}"
EndProject
Global
	GlobalSection(SolutionConfigurationPlatforms) = preSolution
		Debug|Any CPU = Debug|Any CPU
		Release|Any CPU = Release|Any CPU
	EndGlobalSection
	GlobalSection(ProjectConfigurationPlatforms) = postSolution
		{F08D2371-8783-4D76-A12A-B6BEC4A9D6D3}.Debug|Any CPU.ActiveCfg = Debug|Any CPU
		{F08D2371-8783-4D76-A12A-B6BEC4A9D6D3}.Debug|Any CPU.Build.0 = Debug|Any CPU
		{F08D2371-8783-4D76-A12A-B6BEC4A9D6D3}.Release|Any CPU.ActiveCfg = Release|Any CPU
		{F08D2371-8783-4D76-A12A-B6BEC4A9D6D3}.Release|Any CPU.Build.0 = Release|Any CPU
		{D6935B09-6D1C-4008-B03D-DBA2312959EA}.Debug|Any CPU.ActiveCfg = Debug|Any CPU
		{D6935B09-6D1C-4008-B03D-DBA2312959EA}.Debug|Any CPU.Build.0 = Debug|Any CPU
		{D6935B09-6D1C-4008-B03D-DBA2312959EA}.Release|Any CPU.ActiveCfg = Release|Any CPU
		{D6935B09-6D1C-4008-B03D-DBA2312959EA}.Release|Any CPU.Build.0 = Release|Any CPU
		{2D917357-C3CC-4CFD-8963-2D11E5D58203}.Debug|Any CPU.ActiveCfg = Debug|Any CPU
		{2D917357-C3CC-4CFD-8963-2D11E5D58203}.Debug|Any CPU.Build.0 = Debug|Any CPU
		{2D917357-C3CC-4CFD-8963-2D11E5D58203}.Release|Any CPU.ActiveCfg = Release|Any CPU
		{2D917357-C3CC-4CFD-8963-2D11E5D58203}.Release|Any CPU.Build.0 = Release|Any CPU
		{9728F511-6C67-41CE-84EE-38E646C15E56}.Debug|Any CPU.ActiveCfg = Debug|Any CPU
		{9728F511-6C67-41CE-84EE-38E646C15E56}.Debug|Any CPU.Build.0 = Debug|Any CPU
		{9728F511-6C67-41CE-84EE-38E646C15E56}.Release|Any CPU.ActiveCfg = Release|Any CPU
		{9728F511-6C67-41CE-84EE-38E646C15E56}.Release|Any CPU.Build.0 = Release|Any CPU
		{22DABB2F-7D19-4F4D-BFFC-13FD0027A8CB}.Debug|Any CPU.ActiveCfg = Debug|Any CPU
		{22DABB2F-7D19-4F4D-BFFC-13FD0027A8CB}.Debug|Any CPU.Build.0 = Debug|Any CPU
		{22DABB2F-7D19-4F4D-BFFC-13FD0027A8CB}.Release|Any CPU.ActiveCfg = Release|Any CPU
		{22DABB2F-7D19-4F4D-BFFC-13FD0027A8CB}.Release|Any CPU.Build.0 = Release|Any CPU
	EndGlobalSection
	GlobalSection(SolutionProperties) = preSolution
		HideSolutionNode = FALSE
	EndGlobalSection
	GlobalSection(ExtensibilityGlobals) = postSolution
		SolutionGuid = {258B6580-CF75-47AC-9EB0-6EC552FE6DFA}
	EndGlobalSection
EndGlobal
